
Microsoft Visual Studio Solution File, Format Version 12.00
# Visual Studio 15
VisualStudioVersion = 15.0.27428.2015
MinimumVisualStudioVersion = 10.0.40219.1
Project("{9A19103F-16F7-4668-BE54-9A1E7A4F7556}") = "EventOnFly.Web", "EventOnFly\EventOnFly.Web.csproj", "{4B22DA4C-4185-4FC6-9C48-4D19815DF41C}"
EndProject
Project("{2150E333-8FDC-42A3-9474-1A3956D46DE8}") = "Modules", "Modules", "{BF1A6782-6E2F-4880-B73C-B13DD5F7FA0C}"
EndProject
Project("{2150E333-8FDC-42A3-9474-1A3956D46DE8}") = "VendorModule", "VendorModule", "{C04D623F-B397-48D5-9382-F898E118CC8C}"
EndProject
Project("{9A19103F-16F7-4668-BE54-9A1E7A4F7556}") = "EventOnFly.Modules.VendorModule", "Modules\VendorModule\EventOnFly.Modules.VendorModule\EventOnFly.Modules.VendorModule.csproj", "{22CD6BA4-D459-4C9A-90FF-F37D557FB270}"
EndProject
Project("{2150E333-8FDC-42A3-9474-1A3956D46DE8}") = "Common", "Common", "{0374A226-F97F-4E27-B0B0-D0699AFC02A2}"
EndProject
Project("{9A19103F-16F7-4668-BE54-9A1E7A4F7556}") = "EventOnFly.Common.Interfaces", "Common\EventOnFly.Common.Interfaces\EventOnFly.Common.Interfaces.csproj", "{7FB01162-38F8-4322-ABFF-ADFC8641CB47}"
EndProject
Project("{2150E333-8FDC-42A3-9474-1A3956D46DE8}") = "DataAccess", "DataAccess", "{1FBD7DFD-C48B-474F-A87D-006B25F52AB9}"
EndProject
Project("{9A19103F-16F7-4668-BE54-9A1E7A4F7556}") = "EventOnFly.DataAccess.Data", "DataAccess\EventOnFly.DataAccess.Data\EventOnFly.DataAccess.Data.csproj", "{01F91D9E-8715-4774-B20E-05673DDAE55A}"
EndProject
Project("{2150E333-8FDC-42A3-9474-1A3956D46DE8}") = "EventOrganizerModule", "EventOrganizerModule", "{9919D047-59C8-4963-BE4C-0A1E1DA6EA18}"
EndProject
Project("{FAE04EC0-301F-11D3-BF4B-00C04F79EFBC}") = "EventOnFly.Modules.EventOrganizer", "EventOnFly.Modules.EventOrganizer\EventOnFly.Modules.EventOrganizer.csproj", "{542C0DEF-36E5-4351-A02A-6D86AA1DC86A}"
EndProject
Project("{00D1A9C2-B5F0-4AF3-8072-F6C62B433612}") = "EventOnFly.DataAccess.Db", "EventOnFly.DataAccess.Db\EventOnFly.DataAccess.Db.sqlproj", "{4DB9723B-A405-49BC-BFAB-232D22194D90}"
EndProject
Global
	GlobalSection(SolutionConfigurationPlatforms) = preSolution
		Debug|Any CPU = Debug|Any CPU
		Release|Any CPU = Release|Any CPU
	EndGlobalSection
	GlobalSection(ProjectConfigurationPlatforms) = postSolution
		{4B22DA4C-4185-4FC6-9C48-4D19815DF41C}.Debug|Any CPU.ActiveCfg = Debug|Any CPU
		{4B22DA4C-4185-4FC6-9C48-4D19815DF41C}.Debug|Any CPU.Build.0 = Debug|Any CPU
		{4B22DA4C-4185-4FC6-9C48-4D19815DF41C}.Release|Any CPU.ActiveCfg = Release|Any CPU
		{4B22DA4C-4185-4FC6-9C48-4D19815DF41C}.Release|Any CPU.Build.0 = Release|Any CPU
		{22CD6BA4-D459-4C9A-90FF-F37D557FB270}.Debug|Any CPU.ActiveCfg = Debug|Any CPU
		{22CD6BA4-D459-4C9A-90FF-F37D557FB270}.Debug|Any CPU.Build.0 = Debug|Any CPU
		{22CD6BA4-D459-4C9A-90FF-F37D557FB270}.Release|Any CPU.ActiveCfg = Release|Any CPU
		{22CD6BA4-D459-4C9A-90FF-F37D557FB270}.Release|Any CPU.Build.0 = Release|Any CPU
		{7FB01162-38F8-4322-ABFF-ADFC8641CB47}.Debug|Any CPU.ActiveCfg = Debug|Any CPU
		{7FB01162-38F8-4322-ABFF-ADFC8641CB47}.Debug|Any CPU.Build.0 = Debug|Any CPU
		{7FB01162-38F8-4322-ABFF-ADFC8641CB47}.Release|Any CPU.ActiveCfg = Release|Any CPU
		{7FB01162-38F8-4322-ABFF-ADFC8641CB47}.Release|Any CPU.Build.0 = Release|Any CPU
		{01F91D9E-8715-4774-B20E-05673DDAE55A}.Debug|Any CPU.ActiveCfg = Debug|Any CPU
		{01F91D9E-8715-4774-B20E-05673DDAE55A}.Debug|Any CPU.Build.0 = Debug|Any CPU
		{01F91D9E-8715-4774-B20E-05673DDAE55A}.Release|Any CPU.ActiveCfg = Release|Any CPU
		{01F91D9E-8715-4774-B20E-05673DDAE55A}.Release|Any CPU.Build.0 = Release|Any CPU
		{542C0DEF-36E5-4351-A02A-6D86AA1DC86A}.Debug|Any CPU.ActiveCfg = Debug|Any CPU
		{542C0DEF-36E5-4351-A02A-6D86AA1DC86A}.Debug|Any CPU.Build.0 = Debug|Any CPU
		{542C0DEF-36E5-4351-A02A-6D86AA1DC86A}.Release|Any CPU.ActiveCfg = Release|Any CPU
		{542C0DEF-36E5-4351-A02A-6D86AA1DC86A}.Release|Any CPU.Build.0 = Release|Any CPU
		{4DB9723B-A405-49BC-BFAB-232D22194D90}.Debug|Any CPU.ActiveCfg = Debug|Any CPU
		{4DB9723B-A405-49BC-BFAB-232D22194D90}.Debug|Any CPU.Build.0 = Debug|Any CPU
		{4DB9723B-A405-49BC-BFAB-232D22194D90}.Debug|Any CPU.Deploy.0 = Debug|Any CPU
		{4DB9723B-A405-49BC-BFAB-232D22194D90}.Release|Any CPU.ActiveCfg = Release|Any CPU
		{4DB9723B-A405-49BC-BFAB-232D22194D90}.Release|Any CPU.Build.0 = Release|Any CPU
		{4DB9723B-A405-49BC-BFAB-232D22194D90}.Release|Any CPU.Deploy.0 = Release|Any CPU
	EndGlobalSection
	GlobalSection(SolutionProperties) = preSolution
		HideSolutionNode = FALSE
	EndGlobalSection
	GlobalSection(NestedProjects) = preSolution
		{C04D623F-B397-48D5-9382-F898E118CC8C} = {BF1A6782-6E2F-4880-B73C-B13DD5F7FA0C}
		{22CD6BA4-D459-4C9A-90FF-F37D557FB270} = {C04D623F-B397-48D5-9382-F898E118CC8C}
		{7FB01162-38F8-4322-ABFF-ADFC8641CB47} = {0374A226-F97F-4E27-B0B0-D0699AFC02A2}
		{01F91D9E-8715-4774-B20E-05673DDAE55A} = {1FBD7DFD-C48B-474F-A87D-006B25F52AB9}
		{9919D047-59C8-4963-BE4C-0A1E1DA6EA18} = {BF1A6782-6E2F-4880-B73C-B13DD5F7FA0C}
		{542C0DEF-36E5-4351-A02A-6D86AA1DC86A} = {9919D047-59C8-4963-BE4C-0A1E1DA6EA18}
		{4DB9723B-A405-49BC-BFAB-232D22194D90} = {1FBD7DFD-C48B-474F-A87D-006B25F52AB9}
	EndGlobalSection
	GlobalSection(ExtensibilityGlobals) = postSolution
		SolutionGuid = {432B65C5-B7A1-4C83-8A9F-A38312A62AA8}
	EndGlobalSection
EndGlobal
